
Microsoft Visual Studio Solution File, Format Version 12.00
# Visual Studio Version 17
VisualStudioVersion = 17.13.35825.156 d17.13
MinimumVisualStudioVersion = 10.0.40219.1
Project("{8BC9CEB8-8B4A-11D0-8D11-00A0C91BC942}") = "test_028", "test_028\test_028.vcxproj", "{5333DCF1-EA6A-47B8-A3E0-2E98A1973585}"
EndProject
Global
	GlobalSection(SolutionConfigurationPlatforms) = preSolution
		Debug|x64 = Debug|x64
		Debug|x86 = Debug|x86
		Release|x64 = Release|x64
		Release|x86 = Release|x86
	EndGlobalSection
	GlobalSection(ProjectConfigurationPlatforms) = postSolution
		{5333DCF1-EA6A-47B8-A3E0-2E98A1973585}.Debug|x64.ActiveCfg = Debug|x64
		{5333DCF1-EA6A-47B8-A3E0-2E98A1973585}.Debug|x64.Build.0 = Debug|x64
		{5333DCF1-EA6A-47B8-A3E0-2E98A1973585}.Debug|x86.ActiveCfg = Debug|Win32
		{5333DCF1-EA6A-47B8-A3E0-2E98A1973585}.Debug|x86.Build.0 = Debug|Win32
		{5333DCF1-EA6A-47B8-A3E0-2E98A1973585}.Release|x64.ActiveCfg = Release|x64
		{5333DCF1-EA6A-47B8-A3E0-2E98A1973585}.Release|x64.Build.0 = Release|x64
		{5333DCF1-EA6A-47B8-A3E0-2E98A1973585}.Release|x86.ActiveCfg = Release|Win32
		{5333DCF1-EA6A-47B8-A3E0-2E98A1973585}.Release|x86.Build.0 = Release|Win32
	EndGlobalSection
	GlobalSection(SolutionProperties) = preSolution
		HideSolutionNode = FALSE
	EndGlobalSection
	GlobalSection(ExtensibilityGlobals) = postSolution
		SolutionGuid = {09D17740-EB85-448F-926D-9D615451FC3D}
	EndGlobalSection
EndGlobal
