
Microsoft Visual Studio Solution File, Format Version 12.00
# Visual Studio Version 17
VisualStudioVersion = 17.13.35825.156 d17.13
MinimumVisualStudioVersion = 10.0.40219.1
Project("{8BC9CEB8-8B4A-11D0-8D11-00A0C91BC942}") = "test_005", "test_005\test_005.vcxproj", "{06AA1265-9F39-4AA8-8F6B-C645B24197FF}"
EndProject
Global
	GlobalSection(SolutionConfigurationPlatforms) = preSolution
		Debug|x64 = Debug|x64
		Debug|x86 = Debug|x86
		Release|x64 = Release|x64
		Release|x86 = Release|x86
	EndGlobalSection
	GlobalSection(ProjectConfigurationPlatforms) = postSolution
		{06AA1265-9F39-4AA8-8F6B-C645B24197FF}.Debug|x64.ActiveCfg = Debug|x64
		{06AA1265-9F39-4AA8-8F6B-C645B24197FF}.Debug|x64.Build.0 = Debug|x64
		{06AA1265-9F39-4AA8-8F6B-C645B24197FF}.Debug|x86.ActiveCfg = Debug|Win32
		{06AA1265-9F39-4AA8-8F6B-C645B24197FF}.Debug|x86.Build.0 = Debug|Win32
		{06AA1265-9F39-4AA8-8F6B-C645B24197FF}.Release|x64.ActiveCfg = Release|x64
		{06AA1265-9F39-4AA8-8F6B-C645B24197FF}.Release|x64.Build.0 = Release|x64
		{06AA1265-9F39-4AA8-8F6B-C645B24197FF}.Release|x86.ActiveCfg = Release|Win32
		{06AA1265-9F39-4AA8-8F6B-C645B24197FF}.Release|x86.Build.0 = Release|Win32
	EndGlobalSection
	GlobalSection(SolutionProperties) = preSolution
		HideSolutionNode = FALSE
	EndGlobalSection
	GlobalSection(ExtensibilityGlobals) = postSolution
		SolutionGuid = {99BB6E92-E0C1-499F-9B27-3A63FF2FDD70}
	EndGlobalSection
EndGlobal
